// !$*UTF8*$!
{
	archiveVersion = 1;
	classes = {
	};
	objectVersion = 55;
	objects = {

/* Begin PBXBuildFile section */
		E107FE8328C306F1004EA13B /* Zip in Frameworks */ = {isa = PBXBuildFile; productRef = E107FE8228C306F1004EA13B /* Zip */; };
		E107FE8528C32313004EA13B /* ViewController.swift in Sources */ = {isa = PBXBuildFile; fileRef = E107FE8428C32313004EA13B /* ViewController.swift */; };
		E1EE877728C1E4A700FB08B8 /* PopUpViewController.swift in Sources */ = {isa = PBXBuildFile; fileRef = E1EE877628C1E4A700FB08B8 /* PopUpViewController.swift */; };
		E1EE877928C1E4BC00FB08B8 /* PopUpView.swift in Sources */ = {isa = PBXBuildFile; fileRef = E1EE877828C1E4BC00FB08B8 /* PopUpView.swift */; };
		E1EE878028C21AF000FB08B8 /* FilterEnum.swift in Sources */ = {isa = PBXBuildFile; fileRef = E1EE877F28C21AF000FB08B8 /* FilterEnum.swift */; };
		E1F26A3728BF1FB800492CF2 /* AppDelegate.swift in Sources */ = {isa = PBXBuildFile; fileRef = E1F26A3628BF1FB800492CF2 /* AppDelegate.swift */; };
		E1F26A3928BF1FB800492CF2 /* SceneDelegate.swift in Sources */ = {isa = PBXBuildFile; fileRef = E1F26A3828BF1FB800492CF2 /* SceneDelegate.swift */; };
		E1F26A3E28BF1FB800492CF2 /* Main.storyboard in Resources */ = {isa = PBXBuildFile; fileRef = E1F26A3C28BF1FB800492CF2 /* Main.storyboard */; };
		E1F26A4028BF1FBA00492CF2 /* Assets.xcassets in Resources */ = {isa = PBXBuildFile; fileRef = E1F26A3F28BF1FBA00492CF2 /* Assets.xcassets */; };
		E1F26A4328BF1FBA00492CF2 /* LaunchScreen.storyboard in Resources */ = {isa = PBXBuildFile; fileRef = E1F26A4128BF1FBA00492CF2 /* LaunchScreen.storyboard */; };
		E1F26A5228BF237C00492CF2 /* MemoListViewController.swift in Sources */ = {isa = PBXBuildFile; fileRef = E1F26A5128BF237C00492CF2 /* MemoListViewController.swift */; };
		E1F26A5628BF23D400492CF2 /* RealmModel.swift in Sources */ = {isa = PBXBuildFile; fileRef = E1F26A5528BF23D400492CF2 /* RealmModel.swift */; };
		E1F26A5928BF242100492CF2 /* MemoListView.swift in Sources */ = {isa = PBXBuildFile; fileRef = E1F26A5828BF242100492CF2 /* MemoListView.swift */; };
		E1F26A5B28BF243900492CF2 /* MemoListTableViewCell.swift in Sources */ = {isa = PBXBuildFile; fileRef = E1F26A5A28BF243900492CF2 /* MemoListTableViewCell.swift */; };
		E1F26A5E28BF244F00492CF2 /* BaseViewController.swift in Sources */ = {isa = PBXBuildFile; fileRef = E1F26A5D28BF244F00492CF2 /* BaseViewController.swift */; };
		E1F26A6028BF245700492CF2 /* BaseView.swift in Sources */ = {isa = PBXBuildFile; fileRef = E1F26A5F28BF245700492CF2 /* BaseView.swift */; };
		E1F26A6428BF248500492CF2 /* BaseTableViewCell.swift in Sources */ = {isa = PBXBuildFile; fileRef = E1F26A6328BF248500492CF2 /* BaseTableViewCell.swift */; };
		E1F26A6928BF2EE800492CF2 /* SnapKit in Frameworks */ = {isa = PBXBuildFile; productRef = E1F26A6828BF2EE800492CF2 /* SnapKit */; };
		E1F26A6C28BF2EFF00492CF2 /* Toast in Frameworks */ = {isa = PBXBuildFile; productRef = E1F26A6B28BF2EFF00492CF2 /* Toast */; };
		E1F26A7128BF34EF00492CF2 /* identifier.swift in Sources */ = {isa = PBXBuildFile; fileRef = E1F26A7028BF34EF00492CF2 /* identifier.swift */; };
		E1F26A7628BF46F100492CF2 /* Transition+Extension.swift in Sources */ = {isa = PBXBuildFile; fileRef = E1F26A7528BF46F100492CF2 /* Transition+Extension.swift */; };
		E1F26A7A28BF4DFA00492CF2 /* Realm in Frameworks */ = {isa = PBXBuildFile; productRef = E1F26A7928BF4DFA00492CF2 /* Realm */; };
		E1F26A7C28BF4DFA00492CF2 /* RealmSwift in Frameworks */ = {isa = PBXBuildFile; productRef = E1F26A7B28BF4DFA00492CF2 /* RealmSwift */; };
		E1F26A7E28BF4E2500492CF2 /* WriteViewController.swift in Sources */ = {isa = PBXBuildFile; fileRef = E1F26A7D28BF4E2500492CF2 /* WriteViewController.swift */; };
		E1F26A8128BF6FB900492CF2 /* WriteView.swift in Sources */ = {isa = PBXBuildFile; fileRef = E1F26A8028BF6FB900492CF2 /* WriteView.swift */; };
		E1F26A8328BF77F600492CF2 /* Color.swift in Sources */ = {isa = PBXBuildFile; fileRef = E1F26A8228BF77F600492CF2 /* Color.swift */; };
		E1F26A8528BF786800492CF2 /* Constants.swift in Sources */ = {isa = PBXBuildFile; fileRef = E1F26A8428BF786800492CF2 /* Constants.swift */; };
		E1F26A8728BF85F700492CF2 /* RealmRepository.swift in Sources */ = {isa = PBXBuildFile; fileRef = E1F26A8628BF85F700492CF2 /* RealmRepository.swift */; };
/* End PBXBuildFile section */

/* Begin PBXFileReference section */
		E107FE8428C32313004EA13B /* ViewController.swift */ = {isa = PBXFileReference; lastKnownFileType = sourcecode.swift; path = ViewController.swift; sourceTree = "<group>"; };
		E1EE877628C1E4A700FB08B8 /* PopUpViewController.swift */ = {isa = PBXFileReference; lastKnownFileType = sourcecode.swift; path = PopUpViewController.swift; sourceTree = "<group>"; };
		E1EE877828C1E4BC00FB08B8 /* PopUpView.swift */ = {isa = PBXFileReference; lastKnownFileType = sourcecode.swift; path = PopUpView.swift; sourceTree = "<group>"; };
		E1EE877F28C21AF000FB08B8 /* FilterEnum.swift */ = {isa = PBXFileReference; lastKnownFileType = sourcecode.swift; path = FilterEnum.swift; sourceTree = "<group>"; };
		E1F26A3328BF1FB800492CF2 /* MemoList.app */ = {isa = PBXFileReference; explicitFileType = wrapper.application; includeInIndex = 0; path = MemoList.app; sourceTree = BUILT_PRODUCTS_DIR; };
		E1F26A3628BF1FB800492CF2 /* AppDelegate.swift */ = {isa = PBXFileReference; lastKnownFileType = sourcecode.swift; path = AppDelegate.swift; sourceTree = "<group>"; };
		E1F26A3828BF1FB800492CF2 /* SceneDelegate.swift */ = {isa = PBXFileReference; lastKnownFileType = sourcecode.swift; path = SceneDelegate.swift; sourceTree = "<group>"; };
		E1F26A3D28BF1FB800492CF2 /* Base */ = {isa = PBXFileReference; lastKnownFileType = file.storyboard; name = Base; path = Base.lproj/Main.storyboard; sourceTree = "<group>"; };
		E1F26A3F28BF1FBA00492CF2 /* Assets.xcassets */ = {isa = PBXFileReference; lastKnownFileType = folder.assetcatalog; path = Assets.xcassets; sourceTree = "<group>"; };
		E1F26A4228BF1FBA00492CF2 /* Base */ = {isa = PBXFileReference; lastKnownFileType = file.storyboard; name = Base; path = Base.lproj/LaunchScreen.storyboard; sourceTree = "<group>"; };
		E1F26A4428BF1FBA00492CF2 /* Info.plist */ = {isa = PBXFileReference; lastKnownFileType = text.plist.xml; path = Info.plist; sourceTree = "<group>"; };
		E1F26A5128BF237C00492CF2 /* MemoListViewController.swift */ = {isa = PBXFileReference; lastKnownFileType = sourcecode.swift; path = MemoListViewController.swift; sourceTree = "<group>"; };
		E1F26A5528BF23D400492CF2 /* RealmModel.swift */ = {isa = PBXFileReference; lastKnownFileType = sourcecode.swift; path = RealmModel.swift; sourceTree = "<group>"; };
		E1F26A5828BF242100492CF2 /* MemoListView.swift */ = {isa = PBXFileReference; lastKnownFileType = sourcecode.swift; path = MemoListView.swift; sourceTree = "<group>"; };
		E1F26A5A28BF243900492CF2 /* MemoListTableViewCell.swift */ = {isa = PBXFileReference; lastKnownFileType = sourcecode.swift; path = MemoListTableViewCell.swift; sourceTree = "<group>"; };
		E1F26A5D28BF244F00492CF2 /* BaseViewController.swift */ = {isa = PBXFileReference; lastKnownFileType = sourcecode.swift; path = BaseViewController.swift; sourceTree = "<group>"; };
		E1F26A5F28BF245700492CF2 /* BaseView.swift */ = {isa = PBXFileReference; lastKnownFileType = sourcecode.swift; path = BaseView.swift; sourceTree = "<group>"; };
		E1F26A6328BF248500492CF2 /* BaseTableViewCell.swift */ = {isa = PBXFileReference; lastKnownFileType = sourcecode.swift; path = BaseTableViewCell.swift; sourceTree = "<group>"; };
		E1F26A7028BF34EF00492CF2 /* identifier.swift */ = {isa = PBXFileReference; lastKnownFileType = sourcecode.swift; path = identifier.swift; sourceTree = "<group>"; };
		E1F26A7528BF46F100492CF2 /* Transition+Extension.swift */ = {isa = PBXFileReference; lastKnownFileType = sourcecode.swift; path = "Transition+Extension.swift"; sourceTree = "<group>"; };
		E1F26A7D28BF4E2500492CF2 /* WriteViewController.swift */ = {isa = PBXFileReference; lastKnownFileType = sourcecode.swift; path = WriteViewController.swift; sourceTree = "<group>"; };
		E1F26A8028BF6FB900492CF2 /* WriteView.swift */ = {isa = PBXFileReference; lastKnownFileType = sourcecode.swift; path = WriteView.swift; sourceTree = "<group>"; };
		E1F26A8228BF77F600492CF2 /* Color.swift */ = {isa = PBXFileReference; lastKnownFileType = sourcecode.swift; path = Color.swift; sourceTree = "<group>"; };
		E1F26A8428BF786800492CF2 /* Constants.swift */ = {isa = PBXFileReference; lastKnownFileType = sourcecode.swift; path = Constants.swift; sourceTree = "<group>"; };
		E1F26A8628BF85F700492CF2 /* RealmRepository.swift */ = {isa = PBXFileReference; lastKnownFileType = sourcecode.swift; path = RealmRepository.swift; sourceTree = "<group>"; };
/* End PBXFileReference section */

/* Begin PBXFrameworksBuildPhase section */
		E1F26A3028BF1FB800492CF2 /* Frameworks */ = {
			isa = PBXFrameworksBuildPhase;
			buildActionMask = 2147483647;
			files = (
				E1F26A7C28BF4DFA00492CF2 /* RealmSwift in Frameworks */,
				E1F26A7A28BF4DFA00492CF2 /* Realm in Frameworks */,
				E1F26A6C28BF2EFF00492CF2 /* Toast in Frameworks */,
				E1F26A6928BF2EE800492CF2 /* SnapKit in Frameworks */,
				E107FE8328C306F1004EA13B /* Zip in Frameworks */,
			);
			runOnlyForDeploymentPostprocessing = 0;
		};
/* End PBXFrameworksBuildPhase section */

/* Begin PBXGroup section */
		E1EE877A28C1E4C000FB08B8 /* View */ = {
			isa = PBXGroup;
			children = (
				E1EE877828C1E4BC00FB08B8 /* PopUpView.swift */,
			);
			path = View;
			sourceTree = "<group>";
		};
		E1F26A2A28BF1FB800492CF2 = {
			isa = PBXGroup;
			children = (
				E1F26A3528BF1FB800492CF2 /* MemoList */,
				E1F26A3428BF1FB800492CF2 /* Products */,
			);
			sourceTree = "<group>";
		};
		E1F26A3428BF1FB800492CF2 /* Products */ = {
			isa = PBXGroup;
			children = (
				E1F26A3328BF1FB800492CF2 /* MemoList.app */,
			);
			name = Products;
			sourceTree = "<group>";
		};
		E1F26A3528BF1FB800492CF2 /* MemoList */ = {
			isa = PBXGroup;
			children = (
				E1F26A4C28BF230300492CF2 /* Utils */,
				E1F26A4A28BF22F400492CF2 /* Presentation */,
				E1F26A6528BF299E00492CF2 /* Application */,
				E1F26A6628BF29E600492CF2 /* Resources */,
				E1F26A4428BF1FBA00492CF2 /* Info.plist */,
			);
			path = MemoList;
			sourceTree = "<group>";
		};
		E1F26A4A28BF22F400492CF2 /* Presentation */ = {
			isa = PBXGroup;
			children = (
				E1F26A5028BF234F00492CF2 /* Writing */,
				E1F26A4F28BF231B00492CF2 /* MemoList */,
				E1F26A4B28BF22FF00492CF2 /* PopUp */,
			);
			path = Presentation;
			sourceTree = "<group>";
		};
		E1F26A4B28BF22FF00492CF2 /* PopUp */ = {
			isa = PBXGroup;
			children = (
				E1EE877628C1E4A700FB08B8 /* PopUpViewController.swift */,
				E1EE877A28C1E4C000FB08B8 /* View */,
			);
			path = PopUp;
			sourceTree = "<group>";
		};
		E1F26A4C28BF230300492CF2 /* Utils */ = {
			isa = PBXGroup;
			children = (
				E1F26A6F28BF34DE00492CF2 /* identifier */,
				E1F26A5C28BF244100492CF2 /* Base */,
				E1F26A5428BF23C600492CF2 /* Model */,
				E1F26A4E28BF230E00492CF2 /* Extension */,
				E1F26A4D28BF230700492CF2 /* CustomView */,
			);
			path = Utils;
			sourceTree = "<group>";
		};
		E1F26A4D28BF230700492CF2 /* CustomView */ = {
			isa = PBXGroup;
			children = (
				E1F26A8228BF77F600492CF2 /* Color.swift */,
				E1F26A8428BF786800492CF2 /* Constants.swift */,
			);
			path = CustomView;
			sourceTree = "<group>";
		};
		E1F26A4E28BF230E00492CF2 /* Extension */ = {
			isa = PBXGroup;
			children = (
				E1F26A7528BF46F100492CF2 /* Transition+Extension.swift */,
			);
			path = Extension;
			sourceTree = "<group>";
		};
		E1F26A4F28BF231B00492CF2 /* MemoList */ = {
			isa = PBXGroup;
			children = (
				E1F26A5128BF237C00492CF2 /* MemoListViewController.swift */,
				E1F26A5328BF238000492CF2 /* View */,
			);
			path = MemoList;
			sourceTree = "<group>";
		};
		E1F26A5028BF234F00492CF2 /* Writing */ = {
			isa = PBXGroup;
			children = (
				E1F26A7D28BF4E2500492CF2 /* WriteViewController.swift */,
				E1F26A7F28BF6F9800492CF2 /* View */,
			);
			path = Writing;
			sourceTree = "<group>";
		};
		E1F26A5328BF238000492CF2 /* View */ = {
			isa = PBXGroup;
			children = (
				E1F26A5828BF242100492CF2 /* MemoListView.swift */,
				E1F26A5A28BF243900492CF2 /* MemoListTableViewCell.swift */,
			);
			path = View;
			sourceTree = "<group>";
		};
		E1F26A5428BF23C600492CF2 /* Model */ = {
			isa = PBXGroup;
			children = (
				E1EE877F28C21AF000FB08B8 /* FilterEnum.swift */,
				E1F26A8628BF85F700492CF2 /* RealmRepository.swift */,
				E1F26A5528BF23D400492CF2 /* RealmModel.swift */,
			);
			path = Model;
			sourceTree = "<group>";
		};
		E1F26A5C28BF244100492CF2 /* Base */ = {
			isa = PBXGroup;
			children = (
				E1F26A5D28BF244F00492CF2 /* BaseViewController.swift */,
				E1F26A5F28BF245700492CF2 /* BaseView.swift */,
				E1F26A6328BF248500492CF2 /* BaseTableViewCell.swift */,
			);
			path = Base;
			sourceTree = "<group>";
		};
		E1F26A6528BF299E00492CF2 /* Application */ = {
			isa = PBXGroup;
			children = (
				E1F26A3628BF1FB800492CF2 /* AppDelegate.swift */,
				E1F26A3828BF1FB800492CF2 /* SceneDelegate.swift */,
				E107FE8428C32313004EA13B /* ViewController.swift */,
			);
			path = Application;
			sourceTree = "<group>";
		};
		E1F26A6628BF29E600492CF2 /* Resources */ = {
			isa = PBXGroup;
			children = (
				E1F26A3C28BF1FB800492CF2 /* Main.storyboard */,
				E1F26A4128BF1FBA00492CF2 /* LaunchScreen.storyboard */,
				E1F26A3F28BF1FBA00492CF2 /* Assets.xcassets */,
			);
			path = Resources;
			sourceTree = "<group>";
		};
		E1F26A6F28BF34DE00492CF2 /* identifier */ = {
			isa = PBXGroup;
			children = (
				E1F26A7028BF34EF00492CF2 /* identifier.swift */,
			);
			path = identifier;
			sourceTree = "<group>";
		};
		E1F26A7F28BF6F9800492CF2 /* View */ = {
			isa = PBXGroup;
			children = (
				E1F26A8028BF6FB900492CF2 /* WriteView.swift */,
			);
			path = View;
			sourceTree = "<group>";
		};
/* End PBXGroup section */

/* Begin PBXNativeTarget section */
		E1F26A3228BF1FB800492CF2 /* MemoList */ = {
			isa = PBXNativeTarget;
			buildConfigurationList = E1F26A4728BF1FBA00492CF2 /* Build configuration list for PBXNativeTarget "MemoList" */;
			buildPhases = (
				E1F26A2F28BF1FB800492CF2 /* Sources */,
				E1F26A3028BF1FB800492CF2 /* Frameworks */,
				E1F26A3128BF1FB800492CF2 /* Resources */,
			);
			buildRules = (
			);
			dependencies = (
			);
			name = MemoList;
			packageProductDependencies = (
				E1F26A6828BF2EE800492CF2 /* SnapKit */,
				E1F26A6B28BF2EFF00492CF2 /* Toast */,
				E1F26A7928BF4DFA00492CF2 /* Realm */,
				E1F26A7B28BF4DFA00492CF2 /* RealmSwift */,
				E107FE8228C306F1004EA13B /* Zip */,
			);
			productName = MemoList;
			productReference = E1F26A3328BF1FB800492CF2 /* MemoList.app */;
			productType = "com.apple.product-type.application";
		};
/* End PBXNativeTarget section */

/* Begin PBXProject section */
		E1F26A2B28BF1FB800492CF2 /* Project object */ = {
			isa = PBXProject;
			attributes = {
				BuildIndependentTargetsInParallel = 1;
				LastSwiftUpdateCheck = 1340;
				LastUpgradeCheck = 1340;
				TargetAttributes = {
					E1F26A3228BF1FB800492CF2 = {
						CreatedOnToolsVersion = 13.4.1;
					};
				};
			};
			buildConfigurationList = E1F26A2E28BF1FB800492CF2 /* Build configuration list for PBXProject "MemoList" */;
			compatibilityVersion = "Xcode 13.0";
			developmentRegion = en;
			hasScannedForEncodings = 0;
			knownRegions = (
				en,
				Base,
			);
			mainGroup = E1F26A2A28BF1FB800492CF2;
			packageReferences = (
				E1F26A6728BF2EE800492CF2 /* XCRemoteSwiftPackageReference "SnapKit" */,
				E1F26A6A28BF2EFF00492CF2 /* XCRemoteSwiftPackageReference "Toast-Swift" */,
				E1F26A7828BF4DFA00492CF2 /* XCRemoteSwiftPackageReference "realm-swift" */,
				E107FE8128C306F0004EA13B /* XCRemoteSwiftPackageReference "Zip" */,
			);
			productRefGroup = E1F26A3428BF1FB800492CF2 /* Products */;
			projectDirPath = "";
			projectRoot = "";
			targets = (
				E1F26A3228BF1FB800492CF2 /* MemoList */,
			);
		};
/* End PBXProject section */

/* Begin PBXResourcesBuildPhase section */
		E1F26A3128BF1FB800492CF2 /* Resources */ = {
			isa = PBXResourcesBuildPhase;
			buildActionMask = 2147483647;
			files = (
				E1F26A4328BF1FBA00492CF2 /* LaunchScreen.storyboard in Resources */,
				E1F26A4028BF1FBA00492CF2 /* Assets.xcassets in Resources */,
				E1F26A3E28BF1FB800492CF2 /* Main.storyboard in Resources */,
			);
			runOnlyForDeploymentPostprocessing = 0;
		};
/* End PBXResourcesBuildPhase section */

/* Begin PBXSourcesBuildPhase section */
		E1F26A2F28BF1FB800492CF2 /* Sources */ = {
			isa = PBXSourcesBuildPhase;
			buildActionMask = 2147483647;
			files = (
				E1F26A8728BF85F700492CF2 /* RealmRepository.swift in Sources */,
				E1F26A5228BF237C00492CF2 /* MemoListViewController.swift in Sources */,
				E1F26A8128BF6FB900492CF2 /* WriteView.swift in Sources */,
				E1F26A5928BF242100492CF2 /* MemoListView.swift in Sources */,
				E1EE877928C1E4BC00FB08B8 /* PopUpView.swift in Sources */,
				E1EE878028C21AF000FB08B8 /* FilterEnum.swift in Sources */,
				E1F26A8528BF786800492CF2 /* Constants.swift in Sources */,
				E1F26A5B28BF243900492CF2 /* MemoListTableViewCell.swift in Sources */,
				E1F26A7628BF46F100492CF2 /* Transition+Extension.swift in Sources */,
				E1F26A8328BF77F600492CF2 /* Color.swift in Sources */,
				E1F26A3728BF1FB800492CF2 /* AppDelegate.swift in Sources */,
				E1F26A5E28BF244F00492CF2 /* BaseViewController.swift in Sources */,
				E1F26A5628BF23D400492CF2 /* RealmModel.swift in Sources */,
				E1F26A6028BF245700492CF2 /* BaseView.swift in Sources */,
				E1EE877728C1E4A700FB08B8 /* PopUpViewController.swift in Sources */,
				E1F26A6428BF248500492CF2 /* BaseTableViewCell.swift in Sources */,
				E1F26A7128BF34EF00492CF2 /* identifier.swift in Sources */,
				E107FE8528C32313004EA13B /* ViewController.swift in Sources */,
				E1F26A7E28BF4E2500492CF2 /* WriteViewController.swift in Sources */,
				E1F26A3928BF1FB800492CF2 /* SceneDelegate.swift in Sources */,
			);
			runOnlyForDeploymentPostprocessing = 0;
		};
/* End PBXSourcesBuildPhase section */

/* Begin PBXVariantGroup section */
		E1F26A3C28BF1FB800492CF2 /* Main.storyboard */ = {
			isa = PBXVariantGroup;
			children = (
				E1F26A3D28BF1FB800492CF2 /* Base */,
			);
			name = Main.storyboard;
			sourceTree = "<group>";
		};
		E1F26A4128BF1FBA00492CF2 /* LaunchScreen.storyboard */ = {
			isa = PBXVariantGroup;
			children = (
				E1F26A4228BF1FBA00492CF2 /* Base */,
			);
			name = LaunchScreen.storyboard;
			sourceTree = "<group>";
		};
/* End PBXVariantGroup section */

/* Begin XCBuildConfiguration section */
		E1F26A4528BF1FBA00492CF2 /* Debug */ = {
			isa = XCBuildConfiguration;
			buildSettings = {
				ALWAYS_SEARCH_USER_PATHS = NO;
				CLANG_ANALYZER_NONNULL = YES;
				CLANG_ANALYZER_NUMBER_OBJECT_CONVERSION = YES_AGGRESSIVE;
				CLANG_CXX_LANGUAGE_STANDARD = "gnu++17";
				CLANG_ENABLE_MODULES = YES;
				CLANG_ENABLE_OBJC_ARC = YES;
				CLANG_ENABLE_OBJC_WEAK = YES;
				CLANG_WARN_BLOCK_CAPTURE_AUTORELEASING = YES;
				CLANG_WARN_BOOL_CONVERSION = YES;
				CLANG_WARN_COMMA = YES;
				CLANG_WARN_CONSTANT_CONVERSION = YES;
				CLANG_WARN_DEPRECATED_OBJC_IMPLEMENTATIONS = YES;
				CLANG_WARN_DIRECT_OBJC_ISA_USAGE = YES_ERROR;
				CLANG_WARN_DOCUMENTATION_COMMENTS = YES;
				CLANG_WARN_EMPTY_BODY = YES;
				CLANG_WARN_ENUM_CONVERSION = YES;
				CLANG_WARN_INFINITE_RECURSION = YES;
				CLANG_WARN_INT_CONVERSION = YES;
				CLANG_WARN_NON_LITERAL_NULL_CONVERSION = YES;
				CLANG_WARN_OBJC_IMPLICIT_RETAIN_SELF = YES;
				CLANG_WARN_OBJC_LITERAL_CONVERSION = YES;
				CLANG_WARN_OBJC_ROOT_CLASS = YES_ERROR;
				CLANG_WARN_QUOTED_INCLUDE_IN_FRAMEWORK_HEADER = YES;
				CLANG_WARN_RANGE_LOOP_ANALYSIS = YES;
				CLANG_WARN_STRICT_PROTOTYPES = YES;
				CLANG_WARN_SUSPICIOUS_MOVE = YES;
				CLANG_WARN_UNGUARDED_AVAILABILITY = YES_AGGRESSIVE;
				CLANG_WARN_UNREACHABLE_CODE = YES;
				CLANG_WARN__DUPLICATE_METHOD_MATCH = YES;
				COPY_PHASE_STRIP = NO;
				DEBUG_INFORMATION_FORMAT = dwarf;
				ENABLE_STRICT_OBJC_MSGSEND = YES;
				ENABLE_TESTABILITY = YES;
				GCC_C_LANGUAGE_STANDARD = gnu11;
				GCC_DYNAMIC_NO_PIC = NO;
				GCC_NO_COMMON_BLOCKS = YES;
				GCC_OPTIMIZATION_LEVEL = 0;
				GCC_PREPROCESSOR_DEFINITIONS = (
					"DEBUG=1",
					"$(inherited)",
				);
				GCC_WARN_64_TO_32_BIT_CONVERSION = YES;
				GCC_WARN_ABOUT_RETURN_TYPE = YES_ERROR;
				GCC_WARN_UNDECLARED_SELECTOR = YES;
				GCC_WARN_UNINITIALIZED_AUTOS = YES_AGGRESSIVE;
				GCC_WARN_UNUSED_FUNCTION = YES;
				GCC_WARN_UNUSED_VARIABLE = YES;
				IPHONEOS_DEPLOYMENT_TARGET = 15.5;
				MTL_ENABLE_DEBUG_INFO = INCLUDE_SOURCE;
				MTL_FAST_MATH = YES;
				ONLY_ACTIVE_ARCH = YES;
				SDKROOT = iphoneos;
				SWIFT_ACTIVE_COMPILATION_CONDITIONS = DEBUG;
				SWIFT_OPTIMIZATION_LEVEL = "-Onone";
			};
			name = Debug;
		};
		E1F26A4628BF1FBA00492CF2 /* Release */ = {
			isa = XCBuildConfiguration;
			buildSettings = {
				ALWAYS_SEARCH_USER_PATHS = NO;
				CLANG_ANALYZER_NONNULL = YES;
				CLANG_ANALYZER_NUMBER_OBJECT_CONVERSION = YES_AGGRESSIVE;
				CLANG_CXX_LANGUAGE_STANDARD = "gnu++17";
				CLANG_ENABLE_MODULES = YES;
				CLANG_ENABLE_OBJC_ARC = YES;
				CLANG_ENABLE_OBJC_WEAK = YES;
				CLANG_WARN_BLOCK_CAPTURE_AUTORELEASING = YES;
				CLANG_WARN_BOOL_CONVERSION = YES;
				CLANG_WARN_COMMA = YES;
				CLANG_WARN_CONSTANT_CONVERSION = YES;
				CLANG_WARN_DEPRECATED_OBJC_IMPLEMENTATIONS = YES;
				CLANG_WARN_DIRECT_OBJC_ISA_USAGE = YES_ERROR;
				CLANG_WARN_DOCUMENTATION_COMMENTS = YES;
				CLANG_WARN_EMPTY_BODY = YES;
				CLANG_WARN_ENUM_CONVERSION = YES;
				CLANG_WARN_INFINITE_RECURSION = YES;
				CLANG_WARN_INT_CONVERSION = YES;
				CLANG_WARN_NON_LITERAL_NULL_CONVERSION = YES;
				CLANG_WARN_OBJC_IMPLICIT_RETAIN_SELF = YES;
				CLANG_WARN_OBJC_LITERAL_CONVERSION = YES;
				CLANG_WARN_OBJC_ROOT_CLASS = YES_ERROR;
				CLANG_WARN_QUOTED_INCLUDE_IN_FRAMEWORK_HEADER = YES;
				CLANG_WARN_RANGE_LOOP_ANALYSIS = YES;
				CLANG_WARN_STRICT_PROTOTYPES = YES;
				CLANG_WARN_SUSPICIOUS_MOVE = YES;
				CLANG_WARN_UNGUARDED_AVAILABILITY = YES_AGGRESSIVE;
				CLANG_WARN_UNREACHABLE_CODE = YES;
				CLANG_WARN__DUPLICATE_METHOD_MATCH = YES;
				COPY_PHASE_STRIP = NO;
				DEBUG_INFORMATION_FORMAT = "dwarf-with-dsym";
				ENABLE_NS_ASSERTIONS = NO;
				ENABLE_STRICT_OBJC_MSGSEND = YES;
				GCC_C_LANGUAGE_STANDARD = gnu11;
				GCC_NO_COMMON_BLOCKS = YES;
				GCC_WARN_64_TO_32_BIT_CONVERSION = YES;
				GCC_WARN_ABOUT_RETURN_TYPE = YES_ERROR;
				GCC_WARN_UNDECLARED_SELECTOR = YES;
				GCC_WARN_UNINITIALIZED_AUTOS = YES_AGGRESSIVE;
				GCC_WARN_UNUSED_FUNCTION = YES;
				GCC_WARN_UNUSED_VARIABLE = YES;
				IPHONEOS_DEPLOYMENT_TARGET = 15.5;
				MTL_ENABLE_DEBUG_INFO = NO;
				MTL_FAST_MATH = YES;
				SDKROOT = iphoneos;
				SWIFT_COMPILATION_MODE = wholemodule;
				SWIFT_OPTIMIZATION_LEVEL = "-O";
				VALIDATE_PRODUCT = YES;
			};
			name = Release;
		};
		E1F26A4828BF1FBA00492CF2 /* Debug */ = {
			isa = XCBuildConfiguration;
			buildSettings = {
				ASSETCATALOG_COMPILER_APPICON_NAME = AppIcon;
				ASSETCATALOG_COMPILER_GLOBAL_ACCENT_COLOR_NAME = AccentColor;
				CODE_SIGN_STYLE = Automatic;
				CURRENT_PROJECT_VERSION = 1;
				DEVELOPMENT_TEAM = 5MHUF29PV8;
				GENERATE_INFOPLIST_FILE = YES;
				INFOPLIST_FILE = MemoList/Info.plist;
				INFOPLIST_KEY_UIApplicationSupportsIndirectInputEvents = YES;
				INFOPLIST_KEY_UILaunchStoryboardName = LaunchScreen;
				INFOPLIST_KEY_UIMainStoryboardFile = Main;
				INFOPLIST_KEY_UISupportedInterfaceOrientations_iPad = "UIInterfaceOrientationPortrait UIInterfaceOrientationPortraitUpsideDown UIInterfaceOrientationLandscapeLeft UIInterfaceOrientationLandscapeRight";
				INFOPLIST_KEY_UISupportedInterfaceOrientations_iPhone = "UIInterfaceOrientationPortrait UIInterfaceOrientationLandscapeLeft UIInterfaceOrientationLandscapeRight";
				IPHONEOS_DEPLOYMENT_TARGET = 13.0;
				LD_RUNPATH_SEARCH_PATHS = (
					"$(inherited)",
					"@executable_path/Frameworks",
				);
				MARKETING_VERSION = 1.0;
				PRODUCT_BUNDLE_IDENTIFIER = com.sesac.MemoList;
				PRODUCT_NAME = "$(TARGET_NAME)";
				SWIFT_EMIT_LOC_STRINGS = YES;
				SWIFT_VERSION = 5.0;
				TARGETED_DEVICE_FAMILY = 1;
			};
			name = Debug;
		};
		E1F26A4928BF1FBA00492CF2 /* Release */ = {
			isa = XCBuildConfiguration;
			buildSettings = {
				ASSETCATALOG_COMPILER_APPICON_NAME = AppIcon;
				ASSETCATALOG_COMPILER_GLOBAL_ACCENT_COLOR_NAME = AccentColor;
				CODE_SIGN_STYLE = Automatic;
				CURRENT_PROJECT_VERSION = 1;
				DEVELOPMENT_TEAM = 5MHUF29PV8;
				GENERATE_INFOPLIST_FILE = YES;
				INFOPLIST_FILE = MemoList/Info.plist;
				INFOPLIST_KEY_UIApplicationSupportsIndirectInputEvents = YES;
				INFOPLIST_KEY_UILaunchStoryboardName = LaunchScreen;
				INFOPLIST_KEY_UIMainStoryboardFile = Main;
				INFOPLIST_KEY_UISupportedInterfaceOrientations_iPad = "UIInterfaceOrientationPortrait UIInterfaceOrientationPortraitUpsideDown UIInterfaceOrientationLandscapeLeft UIInterfaceOrientationLandscapeRight";
				INFOPLIST_KEY_UISupportedInterfaceOrientations_iPhone = "UIInterfaceOrientationPortrait UIInterfaceOrientationLandscapeLeft UIInterfaceOrientationLandscapeRight";
				IPHONEOS_DEPLOYMENT_TARGET = 13.0;
				LD_RUNPATH_SEARCH_PATHS = (
					"$(inherited)",
					"@executable_path/Frameworks",
				);
				MARKETING_VERSION = 1.0;
				PRODUCT_BUNDLE_IDENTIFIER = com.sesac.MemoList;
				PRODUCT_NAME = "$(TARGET_NAME)";
				SWIFT_EMIT_LOC_STRINGS = YES;
				SWIFT_VERSION = 5.0;
				TARGETED_DEVICE_FAMILY = 1;
			};
			name = Release;
		};
/* End XCBuildConfiguration section */

/* Begin XCConfigurationList section */
		E1F26A2E28BF1FB800492CF2 /* Build configuration list for PBXProject "MemoList" */ = {
			isa = XCConfigurationList;
			buildConfigurations = (
				E1F26A4528BF1FBA00492CF2 /* Debug */,
				E1F26A4628BF1FBA00492CF2 /* Release */,
			);
			defaultConfigurationIsVisible = 0;
			defaultConfigurationName = Release;
		};
		E1F26A4728BF1FBA00492CF2 /* Build configuration list for PBXNativeTarget "MemoList" */ = {
			isa = XCConfigurationList;
			buildConfigurations = (
				E1F26A4828BF1FBA00492CF2 /* Debug */,
				E1F26A4928BF1FBA00492CF2 /* Release */,
			);
			defaultConfigurationIsVisible = 0;
			defaultConfigurationName = Release;
		};
/* End XCConfigurationList section */

/* Begin XCRemoteSwiftPackageReference section */
		E107FE8128C306F0004EA13B /* XCRemoteSwiftPackageReference "Zip" */ = {
			isa = XCRemoteSwiftPackageReference;
			repositoryURL = "https://github.com/marmelroy/Zip.git";
			requirement = {
				kind = upToNextMajorVersion;
				minimumVersion = 2.0.0;
			};
		};
		E1F26A6728BF2EE800492CF2 /* XCRemoteSwiftPackageReference "SnapKit" */ = {
			isa = XCRemoteSwiftPackageReference;
			repositoryURL = "https://github.com/SnapKit/SnapKit.git";
			requirement = {
				kind = upToNextMajorVersion;
				minimumVersion = 5.0.0;
			};
		};
		E1F26A6A28BF2EFF00492CF2 /* XCRemoteSwiftPackageReference "Toast-Swift" */ = {
			isa = XCRemoteSwiftPackageReference;
			repositoryURL = "https://github.com/scalessec/Toast-Swift.git";
			requirement = {
				branch = master;
				kind = branch;
			};
		};
		E1F26A7828BF4DFA00492CF2 /* XCRemoteSwiftPackageReference "realm-swift" */ = {
			isa = XCRemoteSwiftPackageReference;
			repositoryURL = "https://github.com/realm/realm-swift.git";
			requirement = {
				kind = upToNextMajorVersion;
				minimumVersion = 10.0.0;
			};
		};
/* End XCRemoteSwiftPackageReference section */

/* Begin XCSwiftPackageProductDependency section */
		E107FE8228C306F1004EA13B /* Zip */ = {
			isa = XCSwiftPackageProductDependency;
			package = E107FE8128C306F0004EA13B /* XCRemoteSwiftPackageReference "Zip" */;
			productName = Zip;
		};
		E1F26A6828BF2EE800492CF2 /* SnapKit */ = {
			isa = XCSwiftPackageProductDependency;
			package = E1F26A6728BF2EE800492CF2 /* XCRemoteSwiftPackageReference "SnapKit" */;
			productName = SnapKit;
		};
		E1F26A6B28BF2EFF00492CF2 /* Toast */ = {
			isa = XCSwiftPackageProductDependency;
			package = E1F26A6A28BF2EFF00492CF2 /* XCRemoteSwiftPackageReference "Toast-Swift" */;
			productName = Toast;
		};
		E1F26A7928BF4DFA00492CF2 /* Realm */ = {
			isa = XCSwiftPackageProductDependency;
			package = E1F26A7828BF4DFA00492CF2 /* XCRemoteSwiftPackageReference "realm-swift" */;
			productName = Realm;
		};
		E1F26A7B28BF4DFA00492CF2 /* RealmSwift */ = {
			isa = XCSwiftPackageProductDependency;
			package = E1F26A7828BF4DFA00492CF2 /* XCRemoteSwiftPackageReference "realm-swift" */;
			productName = RealmSwift;
		};
/* End XCSwiftPackageProductDependency section */
	};
	rootObject = E1F26A2B28BF1FB800492CF2 /* Project object */;
}
